
Microsoft Visual Studio Solution File, Format Version 12.00
# Visual Studio Version 17
VisualStudioVersion = 17.3.32922.545
MinimumVisualStudioVersion = 10.0.40219.1
Project("{9A19103F-16F7-4668-BE54-9A1E7A4F7556}") = "App.Api", "App\App.Api.csproj", "{0C058A2A-8F3E-4371-BCDB-791864EEF994}"
EndProject
Project("{9A19103F-16F7-4668-BE54-9A1E7A4F7556}") = "App.Application", "Application\App.Application.csproj", "{35A40C7D-E0E2-4E97-B76A-FCD7CD84DD16}"
EndProject
Project("{9A19103F-16F7-4668-BE54-9A1E7A4F7556}") = "App.Common", "Common\App.Common.csproj", "{79455D47-9F7A-4048-9104-EB7B578BC943}"
EndProject
Project("{9A19103F-16F7-4668-BE54-9A1E7A4F7556}") = "App.Domain", "App.Domain\App.Domain.csproj", "{B4EC39A7-3464-47E2-A265-6F25153C050C}"
EndProject
Project("{9A19103F-16F7-4668-BE54-9A1E7A4F7556}") = "App.Infraetructure", "App.Infraetructure\App.Infraetructure.csproj", "{6D982F45-FE19-4343-B151-739AD9417B82}"
EndProject
Project("{9A19103F-16F7-4668-BE54-9A1E7A4F7556}") = "App.Persistence", "App.Persistence\App.Persistence.csproj", "{C31150A0-6C6E-41DE-B507-85636BBA915B}"
EndProject
Project("{FAE04EC0-301F-11D3-BF4B-00C04F79EFBC}") = "App.Test", "Test\App.Test.csproj", "{3BA520C7-E020-4B84-8322-030BEC95B189}"
EndProject
Global
	GlobalSection(SolutionConfigurationPlatforms) = preSolution
		Debug|Any CPU = Debug|Any CPU
		Debug|x64 = Debug|x64
		Release|Any CPU = Release|Any CPU
		Release|x64 = Release|x64
	EndGlobalSection
	GlobalSection(ProjectConfigurationPlatforms) = postSolution
		{0C058A2A-8F3E-4371-BCDB-791864EEF994}.Debug|Any CPU.ActiveCfg = Debug|Any CPU
		{0C058A2A-8F3E-4371-BCDB-791864EEF994}.Debug|Any CPU.Build.0 = Debug|Any CPU
		{0C058A2A-8F3E-4371-BCDB-791864EEF994}.Debug|x64.ActiveCfg = Debug|x64
		{0C058A2A-8F3E-4371-BCDB-791864EEF994}.Debug|x64.Build.0 = Debug|x64
		{0C058A2A-8F3E-4371-BCDB-791864EEF994}.Release|Any CPU.ActiveCfg = Release|Any CPU
		{0C058A2A-8F3E-4371-BCDB-791864EEF994}.Release|Any CPU.Build.0 = Release|Any CPU
		{0C058A2A-8F3E-4371-BCDB-791864EEF994}.Release|x64.ActiveCfg = Release|x64
		{0C058A2A-8F3E-4371-BCDB-791864EEF994}.Release|x64.Build.0 = Release|x64
		{35A40C7D-E0E2-4E97-B76A-FCD7CD84DD16}.Debug|Any CPU.ActiveCfg = Debug|Any CPU
		{35A40C7D-E0E2-4E97-B76A-FCD7CD84DD16}.Debug|Any CPU.Build.0 = Debug|Any CPU
		{35A40C7D-E0E2-4E97-B76A-FCD7CD84DD16}.Debug|x64.ActiveCfg = Debug|x64
		{35A40C7D-E0E2-4E97-B76A-FCD7CD84DD16}.Debug|x64.Build.0 = Debug|x64
		{35A40C7D-E0E2-4E97-B76A-FCD7CD84DD16}.Release|Any CPU.ActiveCfg = Release|Any CPU
		{35A40C7D-E0E2-4E97-B76A-FCD7CD84DD16}.Release|Any CPU.Build.0 = Release|Any CPU
		{35A40C7D-E0E2-4E97-B76A-FCD7CD84DD16}.Release|x64.ActiveCfg = Release|x64
		{35A40C7D-E0E2-4E97-B76A-FCD7CD84DD16}.Release|x64.Build.0 = Release|x64
		{79455D47-9F7A-4048-9104-EB7B578BC943}.Debug|Any CPU.ActiveCfg = Debug|Any CPU
		{79455D47-9F7A-4048-9104-EB7B578BC943}.Debug|Any CPU.Build.0 = Debug|Any CPU
		{79455D47-9F7A-4048-9104-EB7B578BC943}.Debug|x64.ActiveCfg = Debug|x64
		{79455D47-9F7A-4048-9104-EB7B578BC943}.Debug|x64.Build.0 = Debug|x64
		{79455D47-9F7A-4048-9104-EB7B578BC943}.Release|Any CPU.ActiveCfg = Release|Any CPU
		{79455D47-9F7A-4048-9104-EB7B578BC943}.Release|Any CPU.Build.0 = Release|Any CPU
		{79455D47-9F7A-4048-9104-EB7B578BC943}.Release|x64.ActiveCfg = Release|x64
		{79455D47-9F7A-4048-9104-EB7B578BC943}.Release|x64.Build.0 = Release|x64
		{B4EC39A7-3464-47E2-A265-6F25153C050C}.Debug|Any CPU.ActiveCfg = Debug|Any CPU
		{B4EC39A7-3464-47E2-A265-6F25153C050C}.Debug|Any CPU.Build.0 = Debug|Any CPU
		{B4EC39A7-3464-47E2-A265-6F25153C050C}.Debug|x64.ActiveCfg = Debug|x64
		{B4EC39A7-3464-47E2-A265-6F25153C050C}.Debug|x64.Build.0 = Debug|x64
		{B4EC39A7-3464-47E2-A265-6F25153C050C}.Release|Any CPU.ActiveCfg = Release|Any CPU
		{B4EC39A7-3464-47E2-A265-6F25153C050C}.Release|Any CPU.Build.0 = Release|Any CPU
		{B4EC39A7-3464-47E2-A265-6F25153C050C}.Release|x64.ActiveCfg = Release|x64
		{B4EC39A7-3464-47E2-A265-6F25153C050C}.Release|x64.Build.0 = Release|x64
		{6D982F45-FE19-4343-B151-739AD9417B82}.Debug|Any CPU.ActiveCfg = Debug|Any CPU
		{6D982F45-FE19-4343-B151-739AD9417B82}.Debug|Any CPU.Build.0 = Debug|Any CPU
		{6D982F45-FE19-4343-B151-739AD9417B82}.Debug|x64.ActiveCfg = Debug|x64
		{6D982F45-FE19-4343-B151-739AD9417B82}.Debug|x64.Build.0 = Debug|x64
		{6D982F45-FE19-4343-B151-739AD9417B82}.Release|Any CPU.ActiveCfg = Release|Any CPU
		{6D982F45-FE19-4343-B151-739AD9417B82}.Release|Any CPU.Build.0 = Release|Any CPU
		{6D982F45-FE19-4343-B151-739AD9417B82}.Release|x64.ActiveCfg = Release|x64
		{6D982F45-FE19-4343-B151-739AD9417B82}.Release|x64.Build.0 = Release|x64
		{C31150A0-6C6E-41DE-B507-85636BBA915B}.Debug|Any CPU.ActiveCfg = Debug|Any CPU
		{C31150A0-6C6E-41DE-B507-85636BBA915B}.Debug|Any CPU.Build.0 = Debug|Any CPU
		{C31150A0-6C6E-41DE-B507-85636BBA915B}.Debug|x64.ActiveCfg = Debug|x64
		{C31150A0-6C6E-41DE-B507-85636BBA915B}.Debug|x64.Build.0 = Debug|x64
		{C31150A0-6C6E-41DE-B507-85636BBA915B}.Release|Any CPU.ActiveCfg = Release|Any CPU
		{C31150A0-6C6E-41DE-B507-85636BBA915B}.Release|Any CPU.Build.0 = Release|Any CPU
		{C31150A0-6C6E-41DE-B507-85636BBA915B}.Release|x64.ActiveCfg = Release|x64
		{C31150A0-6C6E-41DE-B507-85636BBA915B}.Release|x64.Build.0 = Release|x64
		{3BA520C7-E020-4B84-8322-030BEC95B189}.Debug|Any CPU.ActiveCfg = Debug|Any CPU
		{3BA520C7-E020-4B84-8322-030BEC95B189}.Debug|Any CPU.Build.0 = Debug|Any CPU
		{3BA520C7-E020-4B84-8322-030BEC95B189}.Debug|x64.ActiveCfg = Debug|x64
		{3BA520C7-E020-4B84-8322-030BEC95B189}.Debug|x64.Build.0 = Debug|x64
		{3BA520C7-E020-4B84-8322-030BEC95B189}.Release|Any CPU.ActiveCfg = Release|Any CPU
		{3BA520C7-E020-4B84-8322-030BEC95B189}.Release|Any CPU.Build.0 = Release|Any CPU
		{3BA520C7-E020-4B84-8322-030BEC95B189}.Release|x64.ActiveCfg = Release|x64
		{3BA520C7-E020-4B84-8322-030BEC95B189}.Release|x64.Build.0 = Release|x64
	EndGlobalSection
	GlobalSection(SolutionProperties) = preSolution
		HideSolutionNode = FALSE
	EndGlobalSection
	GlobalSection(ExtensibilityGlobals) = postSolution
		SolutionGuid = {BD2B6895-66EB-4FD5-A580-62ABD2CB67FD}
	EndGlobalSection
EndGlobal
